
Microsoft Visual Studio Solution File, Format Version 12.00
# Visual Studio Version 16
VisualStudioVersion = 16.0.31515.178
MinimumVisualStudioVersion = 10.0.40219.1
Project("{FAE04EC0-301F-11D3-BF4B-00C04F79EFBC}") = "formreview2", "formreview2\formreview2.csproj", "{C44791DC-EF9D-4571-839C-3530199CB356}"
EndProject
Global
	GlobalSection(SolutionConfigurationPlatforms) = preSolution
		Debug|Any CPU = Debug|Any CPU
		Release|Any CPU = Release|Any CPU
	EndGlobalSection
	GlobalSection(ProjectConfigurationPlatforms) = postSolution
		{C44791DC-EF9D-4571-839C-3530199CB356}.Debug|Any CPU.ActiveCfg = Debug|Any CPU
		{C44791DC-EF9D-4571-839C-3530199CB356}.Debug|Any CPU.Build.0 = Debug|Any CPU
		{C44791DC-EF9D-4571-839C-3530199CB356}.Release|Any CPU.ActiveCfg = Release|Any CPU
		{C44791DC-EF9D-4571-839C-3530199CB356}.Release|Any CPU.Build.0 = Release|Any CPU
	EndGlobalSection
	GlobalSection(SolutionProperties) = preSolution
		HideSolutionNode = FALSE
	EndGlobalSection
	GlobalSection(ExtensibilityGlobals) = postSolution
		SolutionGuid = {C2B39FBF-B59B-41AF-966F-23B99D584030}
	EndGlobalSection
EndGlobal
