
Microsoft Visual Studio Solution File, Format Version 12.00
# Visual Studio Version 16
VisualStudioVersion = 16.0.31515.178
MinimumVisualStudioVersion = 10.0.40219.1
Project("{9A19103F-16F7-4668-BE54-9A1E7A4F7556}") = "company", "company\company.csproj", "{59F38469-5030-44E7-9F00-7BE692BF66EB}"
EndProject
Global
	GlobalSection(SolutionConfigurationPlatforms) = preSolution
		Debug|Any CPU = Debug|Any CPU
		Release|Any CPU = Release|Any CPU
	EndGlobalSection
	GlobalSection(ProjectConfigurationPlatforms) = postSolution
		{59F38469-5030-44E7-9F00-7BE692BF66EB}.Debug|Any CPU.ActiveCfg = Debug|Any CPU
		{59F38469-5030-44E7-9F00-7BE692BF66EB}.Debug|Any CPU.Build.0 = Debug|Any CPU
		{59F38469-5030-44E7-9F00-7BE692BF66EB}.Release|Any CPU.ActiveCfg = Release|Any CPU
		{59F38469-5030-44E7-9F00-7BE692BF66EB}.Release|Any CPU.Build.0 = Release|Any CPU
	EndGlobalSection
	GlobalSection(SolutionProperties) = preSolution
		HideSolutionNode = FALSE
	EndGlobalSection
	GlobalSection(ExtensibilityGlobals) = postSolution
		SolutionGuid = {E25E33CC-6613-49A7-B010-F9BAAC192B2D}
	EndGlobalSection
EndGlobal
